
Microsoft Visual Studio Solution File, Format Version 12.00
# Visual Studio Version 16
VisualStudioVersion = 16.0.31205.134
MinimumVisualStudioVersion = 10.0.40219.1
Project("{9A19103F-16F7-4668-BE54-9A1E7A4F7556}") = "VRA.Dto", "Supplier.Dto\VRA.Dto.csproj", "{9947223E-EED5-47E4-B44B-A805AA15AE20}"
EndProject
Project("{9A19103F-16F7-4668-BE54-9A1E7A4F7556}") = "BuisnessLayer", "BuisnessLayer\BuisnessLayer.csproj", "{6B3BA579-835E-49F2-A680-B3BED06DF363}"
EndProject
Project("{9A19103F-16F7-4668-BE54-9A1E7A4F7556}") = "VRA.DataAccess", "DataAccess\VRA.DataAccess.csproj", "{0141ADC8-299B-4FB2-974C-9AF24CF268A1}"
EndProject
Project("{9A19103F-16F7-4668-BE54-9A1E7A4F7556}") = "DetailSail", "DetailSail\DetailSail.csproj", "{0FB9D4D7-06A7-4B2E-9A3D-9D194EDB3F54}"
EndProject
Global
	GlobalSection(SolutionConfigurationPlatforms) = preSolution
		Debug|Any CPU = Debug|Any CPU
		Release|Any CPU = Release|Any CPU
	EndGlobalSection
	GlobalSection(ProjectConfigurationPlatforms) = postSolution
		{9947223E-EED5-47E4-B44B-A805AA15AE20}.Debug|Any CPU.ActiveCfg = Debug|Any CPU
		{9947223E-EED5-47E4-B44B-A805AA15AE20}.Debug|Any CPU.Build.0 = Debug|Any CPU
		{9947223E-EED5-47E4-B44B-A805AA15AE20}.Release|Any CPU.ActiveCfg = Release|Any CPU
		{9947223E-EED5-47E4-B44B-A805AA15AE20}.Release|Any CPU.Build.0 = Release|Any CPU
		{6B3BA579-835E-49F2-A680-B3BED06DF363}.Debug|Any CPU.ActiveCfg = Debug|Any CPU
		{6B3BA579-835E-49F2-A680-B3BED06DF363}.Debug|Any CPU.Build.0 = Debug|Any CPU
		{6B3BA579-835E-49F2-A680-B3BED06DF363}.Release|Any CPU.ActiveCfg = Release|Any CPU
		{6B3BA579-835E-49F2-A680-B3BED06DF363}.Release|Any CPU.Build.0 = Release|Any CPU
		{0141ADC8-299B-4FB2-974C-9AF24CF268A1}.Debug|Any CPU.ActiveCfg = Debug|Any CPU
		{0141ADC8-299B-4FB2-974C-9AF24CF268A1}.Debug|Any CPU.Build.0 = Debug|Any CPU
		{0141ADC8-299B-4FB2-974C-9AF24CF268A1}.Release|Any CPU.ActiveCfg = Release|Any CPU
		{0141ADC8-299B-4FB2-974C-9AF24CF268A1}.Release|Any CPU.Build.0 = Release|Any CPU
		{0FB9D4D7-06A7-4B2E-9A3D-9D194EDB3F54}.Debug|Any CPU.ActiveCfg = Debug|Any CPU
		{0FB9D4D7-06A7-4B2E-9A3D-9D194EDB3F54}.Debug|Any CPU.Build.0 = Debug|Any CPU
		{0FB9D4D7-06A7-4B2E-9A3D-9D194EDB3F54}.Release|Any CPU.ActiveCfg = Release|Any CPU
		{0FB9D4D7-06A7-4B2E-9A3D-9D194EDB3F54}.Release|Any CPU.Build.0 = Release|Any CPU
	EndGlobalSection
	GlobalSection(SolutionProperties) = preSolution
		HideSolutionNode = FALSE
	EndGlobalSection
	GlobalSection(ExtensibilityGlobals) = postSolution
		SolutionGuid = {5C20612E-2F74-4398-AB16-6A8C1A349A0F}
	EndGlobalSection
EndGlobal
